PODS:
  - Flutter (1.0.0)
  - MiSnap (5.0.0):
    - MiSnapLicenseManager (= 5.0.0)
    - MiSnapMibiData (= 5.0.0)
  - misnap_flutter (0.1.0):
    - Flutter
    - MiSnap
    - MiSnapUX
  - MiSnapAssetManager (5.0.0)
  - MiSnapLicenseManager (5.0.0)
  - MiSnapMibiData (5.0.0)
  - MiSnapUX (5.0.0):
    - MiSnapAssetManager (= 5.0.0)

DEPENDENCIES:
  - Flutter (from `Flutter`)
  - misnap_flutter (from `.symlinks/plugins/misnap_flutter/ios`)

SPEC REPOS:
  trunk:
    - MiSnap
    - MiSnapAssetManager
    - MiSnapLicenseManager
    - MiSnapMibiData
    - MiSnapUX

EXTERNAL SOURCES:
  Flutter:
    :path: Flutter
  misnap_flutter:
    :path: ".symlinks/plugins/misnap_flutter/ios"

SPEC CHECKSUMS:
  Flutter: 50d75fe2f02b26cc09d224853bb45737f8b3214a
  MiSnap: 8915cfb803b839c9d5f985bcad298b2359d8024e
  misnap_flutter: bdee8404745277c54a695d761030013b7293bd57
  MiSnapAssetManager: a3650daeea15ce43d36716469537ee0e6cd5b8a2
  MiSnapLicenseManager: da2ab27970d90e823e37dda909e45784f901aff9
  MiSnapMibiData: ccf4e9d1bb706c1440aface36c7ca2be9b0ea65f
  MiSnapUX: cc53ad2492a4480450c6d5fc0a14a9a367abe6c1

PODFILE CHECKSUM: 21b64fbb12492d731c9be90cbe0f2d328bef4b49

COCOAPODS: 1.11.3
